
Microsoft Visual Studio Solution File, Format Version 12.00
# Visual Studio Version 17
VisualStudioVersion = 17.13.35825.156 d17.13
MinimumVisualStudioVersion = 10.0.40219.1
Project("{FAE04EC0-301F-11D3-BF4B-00C04F79EFBC}") = "KyA DB", "KyA DB.csproj", "{0AA48759-BD81-46D7-B36B-A72513B439B9}"
EndProject
Global
	GlobalSection(SolutionConfigurationPlatforms) = preSolution
		Debug|Any CPU = Debug|Any CPU
		Release|Any CPU = Release|Any CPU
	EndGlobalSection
	GlobalSection(ProjectConfigurationPlatforms) = postSolution
		{0AA48759-BD81-46D7-B36B-A72513B439B9}.Debug|Any CPU.ActiveCfg = Debug|Any CPU
		{0AA48759-BD81-46D7-B36B-A72513B439B9}.Debug|Any CPU.Build.0 = Debug|Any CPU
		{0AA48759-BD81-46D7-B36B-A72513B439B9}.Release|Any CPU.ActiveCfg = Release|Any CPU
		{0AA48759-BD81-46D7-B36B-A72513B439B9}.Release|Any CPU.Build.0 = Release|Any CPU
	EndGlobalSection
	GlobalSection(SolutionProperties) = preSolution
		HideSolutionNode = FALSE
	EndGlobalSection
	GlobalSection(ExtensibilityGlobals) = postSolution
		SolutionGuid = {6EA7C413-3077-4334-B9F7-B81C6F47329A}
	EndGlobalSection
EndGlobal
